// !$*UTF8*$!
{
	archiveVersion = 1;
	classes = {
	};
	objectVersion = 46;
	objects = {

/* Begin PBXBuildFile section */
		9DFC34421B70DA3F00ACE054 /* main.m in Sources */ = {isa = PBXBuildFile; fileRef = 9DFC34411B70DA3F00ACE054 /* main.m */; };
		9DFC34451B70DA3F00ACE054 /* AppDelegate.m in Sources */ = {isa = PBXBuildFile; fileRef = 9DFC34441B70DA3F00ACE054 /* AppDelegate.m */; };
		9DFC34481B70DA3F00ACE054 /* ViewController.m in Sources */ = {isa = PBXBuildFile; fileRef = 9DFC34471B70DA3F00ACE054 /* ViewController.m */; };
		9DFC344B1B70DA3F00ACE054 /* Main.storyboard in Resources */ = {isa = PBXBuildFile; fileRef = 9DFC34491B70DA3F00ACE054 /* Main.storyboard */; };
		9DFC344D1B70DA3F00ACE054 /* Images.xcassets in Resources */ = {isa = PBXBuildFile; fileRef = 9DFC344C1B70DA3F00ACE054 /* Images.xcassets */; };
		9DFC34501B70DA3F00ACE054 /* LaunchScreen.xib in Resources */ = {isa = PBXBuildFile; fileRef = 9DFC344E1B70DA3F00ACE054 /* LaunchScreen.xib */; };
		9DFC345C1B70DA3F00ACE054 /* testTests.m in Sources */ = {isa = PBXBuildFile; fileRef = 9DFC345B1B70DA3F00ACE054 /* testTests.m */; };
/* End PBXBuildFile section */

/* Begin PBXContainerItemProxy section */
		9DFC34561B70DA3F00ACE054 /* PBXContainerItemProxy */ = {
			isa = PBXContainerItemProxy;
			containerPortal = 9DFC34341B70DA3F00ACE054 /* Project object */;
			proxyType = 1;
			remoteGlobalIDString = 9DFC343B1B70DA3F00ACE054;
			remoteInfo = test;
		};
/* End PBXContainerItemProxy section */

/* Begin PBXFileReference section */
		9DFC343C1B70DA3F00ACE054 /* AutoLayout.app */ = {isa = PBXFileReference; explicitFileType = wrapper.application; includeInIndex = 0; path = AutoLayout.app; sourceTree = BUILT_PRODUCTS_DIR; };
		9DFC34401B70DA3F00ACE054 /* Info.plist */ = {isa = PBXFileReference; lastKnownFileType = text.plist.xml; path = Info.plist; sourceTree = "<group>"; };
		9DFC34411B70DA3F00ACE054 /* main.m */ = {isa = PBXFileReference; lastKnownFileType = sourcecode.c.objc; path = main.m; sourceTree = "<group>"; };
		9DFC34431B70DA3F00ACE054 /* AppDelegate.h */ = {isa = PBXFileReference; lastKnownFileType = sourcecode.c.h; path = AppDelegate.h; sourceTree = "<group>"; };
		9DFC34441B70DA3F00ACE054 /* AppDelegate.m */ = {isa = PBXFileReference; lastKnownFileType = sourcecode.c.objc; path = AppDelegate.m; sourceTree = "<group>"; };
		9DFC34461B70DA3F00ACE054 /* ViewController.h */ = {isa = PBXFileReference; lastKnownFileType = sourcecode.c.h; path = ViewController.h; sourceTree = "<group>"; };
		9DFC34471B70DA3F00ACE054 /* ViewController.m */ = {isa = PBXFileReference; lastKnownFileType = sourcecode.c.objc; path = ViewController.m; sourceTree = "<group>"; };
		9DFC344A1B70DA3F00ACE054 /* Base */ = {isa = PBXFileReference; lastKnownFileType = file.storyboard; name = Base; path = Base.lproj/Main.storyboard; sourceTree = "<group>"; };
		9DFC344C1B70DA3F00ACE054 /* Images.xcassets */ = {isa = PBXFileReference; lastKnownFileType = folder.assetcatalog; path = Images.xcassets; sourceTree = "<group>"; };
		9DFC344F1B70DA3F00ACE054 /* Base */ = {isa = PBXFileReference; lastKnownFileType = file.xib; name = Base; path = Base.lproj/LaunchScreen.xib; sourceTree = "<group>"; };
		9DFC34551B70DA3F00ACE054 /* AutoLayoutTests.xctest */ = {isa = PBXFileReference; explicitFileType = wrapper.cfbundle; includeInIndex = 0; path = AutoLayoutTests.xctest; sourceTree = BUILT_PRODUCTS_DIR; };
		9DFC345A1B70DA3F00ACE054 /* Info.plist */ = {isa = PBXFileReference; lastKnownFileType = text.plist.xml; path = Info.plist; sourceTree = "<group>"; };
		9DFC345B1B70DA3F00ACE054 /* testTests.m */ = {isa = PBXFileReference; lastKnownFileType = sourcecode.c.objc; path = testTests.m; sourceTree = "<group>"; };
/* End PBXFileReference section */

/* Begin PBXFrameworksBuildPhase section */
		9DFC34391B70DA3F00ACE054 /* Frameworks */ = {
			isa = PBXFrameworksBuildPhase;
			buildActionMask = 2147483647;
			files = (
			);
			runOnlyForDeploymentPostprocessing = 0;
		};
		9DFC34521B70DA3F00ACE054 /* Frameworks */ = {
			isa = PBXFrameworksBuildPhase;
			buildActionMask = 2147483647;
			files = (
			);
			runOnlyForDeploymentPostprocessing = 0;
		};
/* End PBXFrameworksBuildPhase section */

/* Begin PBXGroup section */
		9DFC34331B70DA3F00ACE054 = {
			isa = PBXGroup;
			children = (
				9DFC343E1B70DA3F00ACE054 /* test */,
				9DFC34581B70DA3F00ACE054 /* testTests */,
				9DFC343D1B70DA3F00ACE054 /* Products */,
			);
			sourceTree = "<group>";
		};
		9DFC343D1B70DA3F00ACE054 /* Products */ = {
			isa = PBXGroup;
			children = (
				9DFC343C1B70DA3F00ACE054 /* AutoLayout.app */,
				9DFC34551B70DA3F00ACE054 /* AutoLayoutTests.xctest */,
			);
			name = Products;
			sourceTree = "<group>";
		};
		9DFC343E1B70DA3F00ACE054 /* test */ = {
			isa = PBXGroup;
			children = (
				9DFC34431B70DA3F00ACE054 /* AppDelegate.h */,
				9DFC34441B70DA3F00ACE054 /* AppDelegate.m */,
				9DFC34461B70DA3F00ACE054 /* ViewController.h */,
				9DFC34471B70DA3F00ACE054 /* ViewController.m */,
				9DFC34491B70DA3F00ACE054 /* Main.storyboard */,
				9DFC344C1B70DA3F00ACE054 /* Images.xcassets */,
				9DFC344E1B70DA3F00ACE054 /* LaunchScreen.xib */,
				9DFC343F1B70DA3F00ACE054 /* Supporting Files */,
			);
			path = test;
			sourceTree = "<group>";
		};
		9DFC343F1B70DA3F00ACE054 /* Supporting Files */ = {
			isa = PBXGroup;
			children = (
				9DFC34401B70DA3F00ACE054 /* Info.plist */,
				9DFC34411B70DA3F00ACE054 /* main.m */,
			);
			name = "Supporting Files";
			sourceTree = "<group>";
		};
		9DFC34581B70DA3F00ACE054 /* testTests */ = {
			isa = PBXGroup;
			children = (
				9DFC345B1B70DA3F00ACE054 /* testTests.m */,
				9DFC34591B70DA3F00ACE054 /* Supporting Files */,
			);
			path = testTests;
			sourceTree = "<group>";
		};
		9DFC34591B70DA3F00ACE054 /* Supporting Files */ = {
			isa = PBXGroup;
			children = (
				9DFC345A1B70DA3F00ACE054 /* Info.plist */,
			);
			name = "Supporting Files";
			sourceTree = "<group>";
		};
/* End PBXGroup section */

/* Begin PBXNativeTarget section */
		9DFC343B1B70DA3F00ACE054 /* AutoLayout */ = {
			isa = PBXNativeTarget;
			buildConfigurationList = 9DFC345F1B70DA3F00ACE054 /* Build configuration list for PBXNativeTarget "AutoLayout" */;
			buildPhases = (
				9DFC34381B70DA3F00ACE054 /* Sources */,
				9DFC34391B70DA3F00ACE054 /* Frameworks */,
				9DFC343A1B70DA3F00ACE054 /* Resources */,
			);
			buildRules = (
			);
			dependencies = (
			);
			name = AutoLayout;
			productName = test;
			productReference = 9DFC343C1B70DA3F00ACE054 /* AutoLayout.app */;
			productType = "com.apple.product-type.application";
		};
		9DFC34541B70DA3F00ACE054 /* AutoLayoutTests */ = {
			isa = PBXNativeTarget;
			buildConfigurationList = 9DFC34621B70DA3F00ACE054 /* Build configuration list for PBXNativeTarget "AutoLayoutTests" */;
			buildPhases = (
				9DFC34511B70DA3F00ACE054 /* Sources */,
				9DFC34521B70DA3F00ACE054 /* Frameworks */,
				9DFC34531B70DA3F00ACE054 /* Resources */,
			);
			buildRules = (
			);
			dependencies = (
				9DFC34571B70DA3F00ACE054 /* PBXTargetDependency */,
			);
			name = AutoLayoutTests;
			productName = testTests;
			productReference = 9DFC34551B70DA3F00ACE054 /* AutoLayoutTests.xctest */;
			productType = "com.apple.product-type.bundle.unit-test";
		};
/* End PBXNativeTarget section */

/* Begin PBXProject section */
		9DFC34341B70DA3F00ACE054 /* Project object */ = {
			isa = PBXProject;
			attributes = {
				LastUpgradeCheck = 0640;
				ORGANIZATIONNAME = "Ravi Prakash";
				TargetAttributes = {
					9DFC343B1B70DA3F00ACE054 = {
						CreatedOnToolsVersion = 6.4;
					};
					9DFC34541B70DA3F00ACE054 = {
						CreatedOnToolsVersion = 6.4;
						TestTargetID = 9DFC343B1B70DA3F00ACE054;
					};
				};
			};
			buildConfigurationList = 9DFC34371B70DA3F00ACE054 /* Build configuration list for PBXProject "AutoLayout" */;
			compatibilityVersion = "Xcode 3.2";
			developmentRegion = English;
			hasScannedForEncodings = 0;
			knownRegions = (
				en,
				Base,
			);
			mainGroup = 9DFC34331B70DA3F00ACE054;
			productRefGroup = 9DFC343D1B70DA3F00ACE054 /* Products */;
			projectDirPath = "";
			projectRoot = "";
			targets = (
				9DFC343B1B70DA3F00ACE054 /* AutoLayout */,
				9DFC34541B70DA3F00ACE054 /* AutoLayoutTests */,
			);
		};
/* End PBXProject section */

/* Begin PBXResourcesBuildPhase section */
		9DFC343A1B70DA3F00ACE054 /* Resources */ = {
			isa = PBXResourcesBuildPhase;
			buildActionMask = 2147483647;
			files = (
				9DFC344B1B70DA3F00ACE054 /* Main.storyboard in Resources */,
				9DFC34501B70DA3F00ACE054 /* LaunchScreen.xib in Resources */,
				9DFC344D1B70DA3F00ACE054 /* Images.xcassets in Resources */,
			);
			runOnlyForDeploymentPostprocessing = 0;
		};
		9DFC34531B70DA3F00ACE054 /* Resources */ = {
			isa = PBXResourcesBuildPhase;
			buildActionMask = 2147483647;
			files = (
			);
			runOnlyForDeploymentPostprocessing = 0;
		};
/* End PBXResourcesBuildPhase section */

/* Begin PBXSourcesBuildPhase section */
		9DFC34381B70DA3F00ACE054 /* Sources */ = {
			isa = PBXSourcesBuildPhase;
			buildActionMask = 2147483647;
			files = (
				9DFC34481B70DA3F00ACE054 /* ViewController.m in Sources */,
				9DFC34451B70DA3F00ACE054 /* AppDelegate.m in Sources */,
				9DFC34421B70DA3F00ACE054 /* main.m in Sources */,
			);
			runOnlyForDeploymentPostprocessing = 0;
		};
		9DFC34511B70DA3F00ACE054 /* Sources */ = {
			isa = PBXSourcesBuildPhase;
			buildActionMask = 2147483647;
			files = (
				9DFC345C1B70DA3F00ACE054 /* testTests.m in Sources */,
			);
			runOnlyForDeploymentPostprocessing = 0;
		};
/* End PBXSourcesBuildPhase section */

/* Begin PBXTargetDependency section */
		9DFC34571B70DA3F00ACE054 /* PBXTargetDependency */ = {
			isa = PBXTargetDependency;
			target = 9DFC343B1B70DA3F00ACE054 /* AutoLayout */;
			targetProxy = 9DFC34561B70DA3F00ACE054 /* PBXContainerItemProxy */;
		};
/* End PBXTargetDependency section */

/* Begin PBXVariantGroup section */
		9DFC34491B70DA3F00ACE054 /* Main.storyboard */ = {
			isa = PBXVariantGroup;
			children = (
				9DFC344A1B70DA3F00ACE054 /* Base */,
			);
			name = Main.storyboard;
			sourceTree = "<group>";
		};
		9DFC344E1B70DA3F00ACE054 /* LaunchScreen.xib */ = {
			isa = PBXVariantGroup;
			children = (
				9DFC344F1B70DA3F00ACE054 /* Base */,
			);
			name = LaunchScreen.xib;
			sourceTree = "<group>";
		};
/* End PBXVariantGroup section */

/* Begin XCBuildConfiguration section */
		9DFC345D1B70DA3F00ACE054 /* Debug */ = {
			isa = XCBuildConfiguration;
			buildSettings = {
				ALWAYS_SEARCH_USER_PATHS = NO;
				CLANG_CXX_LANGUAGE_STANDARD = "gnu++0x";
				CLANG_CXX_LIBRARY = "libc++";
				CLANG_ENABLE_MODULES = YES;
				CLANG_ENABLE_OBJC_ARC = YES;
				CLANG_WARN_BOOL_CONVERSION = YES;
				CLANG_WARN_CONSTANT_CONVERSION = YES;
				CLANG_WARN_DIRECT_OBJC_ISA_USAGE = YES_ERROR;
				CLANG_WARN_EMPTY_BODY = YES;
				CLANG_WARN_ENUM_CONVERSION = YES;
				CLANG_WARN_INT_CONVERSION = YES;
				CLANG_WARN_OBJC_ROOT_CLASS = YES_ERROR;
				CLANG_WARN_UNREACHABLE_CODE = YES;
				CLANG_WARN__DUPLICATE_METHOD_MATCH = YES;
				"CODE_SIGN_IDENTITY[sdk=iphoneos*]" = "iPhone Developer";
				COPY_PHASE_STRIP = NO;
				DEBUG_INFORMATION_FORMAT = "dwarf-with-dsym";
				ENABLE_STRICT_OBJC_MSGSEND = YES;
				GCC_C_LANGUAGE_STANDARD = gnu99;
				GCC_DYNAMIC_NO_PIC = NO;
				GCC_NO_COMMON_BLOCKS = YES;
				GCC_OPTIMIZATION_LEVEL = 0;
				GCC_PREPROCESSOR_DEFINITIONS = (
					"DEBUG=1",
					"$(inherited)",
				);
				GCC_SYMBOLS_PRIVATE_EXTERN = NO;
				GCC_WARN_64_TO_32_BIT_CONVERSION = YES;
				GCC_WARN_ABOUT_RETURN_TYPE = YES_ERROR;
				GCC_WARN_UNDECLARED_SELECTOR = YES;
				GCC_WARN_UNINITIALIZED_AUTOS = YES_AGGRESSIVE;
				GCC_WARN_UNUSED_FUNCTION = YES;
				GCC_WARN_UNUSED_VARIABLE = YES;
				IPHONEOS_DEPLOYMENT_TARGET = 8.4;
				MTL_ENABLE_DEBUG_INFO = YES;
				ONLY_ACTIVE_ARCH = YES;
				SDKROOT = iphoneos;
				TARGETED_DEVICE_FAMILY = "1,2";
			};
			name = Debug;
		};
		9DFC345E1B70DA3F00ACE054 /* Release */ = {
			isa = XCBuildConfiguration;
			buildSettings = {
				ALWAYS_SEARCH_USER_PATHS = NO;
				CLANG_CXX_LANGUAGE_STANDARD = "gnu++0x";
				CLANG_CXX_LIBRARY = "libc++";
				CLANG_ENABLE_MODULES = YES;
				CLANG_ENABLE_OBJC_ARC = YES;
				CLANG_WARN_BOOL_CONVERSION = YES;
				CLANG_WARN_CONSTANT_CONVERSION = YES;
				CLANG_WARN_DIRECT_OBJC_ISA_USAGE = YES_ERROR;
				CLANG_WARN_EMPTY_BODY = YES;
				CLANG_WARN_ENUM_CONVERSION = YES;
				CLANG_WARN_INT_CONVERSION = YES;
				CLANG_WARN_OBJC_ROOT_CLASS = YES_ERROR;
				CLANG_WARN_UNREACHABLE_CODE = YES;
				CLANG_WARN__DUPLICATE_METHOD_MATCH = YES;
				"CODE_SIGN_IDENTITY[sdk=iphoneos*]" = "iPhone Developer";
				COPY_PHASE_STRIP = NO;
				DEBUG_INFORMATION_FORMAT = "dwarf-with-dsym";
				ENABLE_NS_ASSERTIONS = NO;
				ENABLE_STRICT_OBJC_MSGSEND = YES;
				GCC_C_LANGUAGE_STANDARD = gnu99;
				GCC_NO_COMMON_BLOCKS = YES;
				GCC_WARN_64_TO_32_BIT_CONVERSION = YES;
				GCC_WARN_ABOUT_RETURN_TYPE = YES_ERROR;
				GCC_WARN_UNDECLARED_SELECTOR = YES;
				GCC_WARN_UNINITIALIZED_AUTOS = YES_AGGRESSIVE;
				GCC_WARN_UNUSED_FUNCTION = YES;
				GCC_WARN_UNUSED_VARIABLE = YES;
				IPHONEOS_DEPLOYMENT_TARGET = 8.4;
				MTL_ENABLE_DEBUG_INFO = NO;
				SDKROOT = iphoneos;
				TARGETED_DEVICE_FAMILY = "1,2";
				VALIDATE_PRODUCT = YES;
			};
			name = Release;
		};
		9DFC34601B70DA3F00ACE054 /* Debug */ = {
			isa = XCBuildConfiguration;
			buildSettings = {
				ASSETCATALOG_COMPILER_APPICON_NAME = AppIcon;
				INFOPLIST_FILE = test/Info.plist;
				LD_RUNPATH_SEARCH_PATHS = "$(inherited) @executable_path/Frameworks";
				PRODUCT_NAME = AutoLayout;
			};
			name = Debug;
		};
		9DFC34611B70DA3F00ACE054 /* Release */ = {
			isa = XCBuildConfiguration;
			buildSettings = {
				ASSETCATALOG_COMPILER_APPICON_NAME = AppIcon;
				INFOPLIST_FILE = test/Info.plist;
				LD_RUNPATH_SEARCH_PATHS = "$(inherited) @executable_path/Frameworks";
				PRODUCT_NAME = AutoLayout;
			};
			name = Release;
		};
		9DFC34631B70DA3F00ACE054 /* Debug */ = {
			isa = XCBuildConfiguration;
			buildSettings = {
				BUNDLE_LOADER = "$(TEST_HOST)";
				FRAMEWORK_SEARCH_PATHS = (
					"$(SDKROOT)/Developer/Library/Frameworks",
					"$(inherited)",
				);
				GCC_PREPROCESSOR_DEFINITIONS = (
					"DEBUG=1",
					"$(inherited)",
				);
				INFOPLIST_FILE = testTests/Info.plist;
				LD_RUNPATH_SEARCH_PATHS = "$(inherited) @executable_path/Frameworks @loader_path/Frameworks";
				PRODUCT_NAME = AutoLayoutTests;
				TEST_HOST = "$(BUILT_PRODUCTS_DIR)/test.app/test";
			};
			name = Debug;
		};
		9DFC34641B70DA3F00ACE054 /* Release */ = {
			isa = XCBuildConfiguration;
			buildSettings = {
				BUNDLE_LOADER = "$(TEST_HOST)";
				FRAMEWORK_SEARCH_PATHS = (
					"$(SDKROOT)/Developer/Library/Frameworks",
					"$(inherited)",
				);
				INFOPLIST_FILE = testTests/Info.plist;
				LD_RUNPATH_SEARCH_PATHS = "$(inherited) @executable_path/Frameworks @loader_path/Frameworks";
				PRODUCT_NAME = AutoLayoutTests;
				TEST_HOST = "$(BUILT_PRODUCTS_DIR)/test.app/test";
			};
			name = Release;
		};
/* End XCBuildConfiguration section */

/* Begin XCConfigurationList section */
		9DFC34371B70DA3F00ACE054 /* Build configuration list for PBXProject "AutoLayout" */ = {
			isa = XCConfigurationList;
			buildConfigurations = (
				9DFC345D1B70DA3F00ACE054 /* Debug */,
				9DFC345E1B70DA3F00ACE054 /* Release */,
			);
			defaultConfigurationIsVisible = 0;
			defaultConfigurationName = Release;
		};
		9DFC345F1B70DA3F00ACE054 /* Build configuration list for PBXNativeTarget "AutoLayout" */ = {
			isa = XCConfigurationList;
			buildConfigurations = (
				9DFC34601B70DA3F00ACE054 /* Debug */,
				9DFC34611B70DA3F00ACE054 /* Release */,
			);
			defaultConfigurationIsVisible = 0;
			defaultConfigurationName = Release;
		};
		9DFC34621B70DA3F00ACE054 /* Build configuration list for PBXNativeTarget "AutoLayoutTests" */ = {
			isa = XCConfigurationList;
			buildConfigurations = (
				9DFC34631B70DA3F00ACE054 /* Debug */,
				9DFC34641B70DA3F00ACE054 /* Release */,
			);
			defaultConfigurationIsVisible = 0;
			defaultConfigurationName = Release;
		};
/* End XCConfigurationList section */
	};
	rootObject = 9DFC34341B70DA3F00ACE054 /* Project object */;
}
